
Microsoft Visual Studio Solution File, Format Version 11.00
# Visual Studio 2010
Project("{FAE04EC0-301F-11D3-BF4B-00C04F79EFBC}") = "Assembly-CSharp-firstpass", "Assembly-CSharp-firstpass.csproj", "{6BDE44A6-9961-3F37-784F-90DACEDBE90C}"
EndProject
Project("{FAE04EC0-301F-11D3-BF4B-00C04F79EFBC}") = "Assembly-CSharp", "Assembly-CSharp.csproj", "{931166DD-A4D1-9F9C-C210-D29CA2A0C413}"
EndProject
Global
	GlobalSection(SolutionConfigurationPlatforms) = preSolution
		Debug|Any CPU = Debug|Any CPU
		Release|Any CPU = Release|Any CPU
	EndGlobalSection
	GlobalSection(ProjectConfigurationPlatforms) = postSolution
		{6BDE44A6-9961-3F37-784F-90DACEDBE90C}.Debug|Any CPU.ActiveCfg = Debug|Any CPU
		{6BDE44A6-9961-3F37-784F-90DACEDBE90C}.Debug|Any CPU.Build.0 = Debug|Any CPU
		{6BDE44A6-9961-3F37-784F-90DACEDBE90C}.Release|Any CPU.ActiveCfg = Release|Any CPU
		{6BDE44A6-9961-3F37-784F-90DACEDBE90C}.Release|Any CPU.Build.0 = Release|Any CPU
		{931166DD-A4D1-9F9C-C210-D29CA2A0C413}.Debug|Any CPU.ActiveCfg = Debug|Any CPU
		{931166DD-A4D1-9F9C-C210-D29CA2A0C413}.Debug|Any CPU.Build.0 = Debug|Any CPU
		{931166DD-A4D1-9F9C-C210-D29CA2A0C413}.Release|Any CPU.ActiveCfg = Release|Any CPU
		{931166DD-A4D1-9F9C-C210-D29CA2A0C413}.Release|Any CPU.Build.0 = Release|Any CPU
	EndGlobalSection
	GlobalSection(SolutionProperties) = preSolution
		HideSolutionNode = FALSE
	EndGlobalSection
EndGlobal
